
Microsoft Visual Studio Solution File, Format Version 12.00
# Visual Studio Version 17
VisualStudioVersion = 17.8.34330.188
MinimumVisualStudioVersion = 10.0.40219.1
Project("{FAE04EC0-301F-11D3-BF4B-00C04F79EFBC}") = "Assignment21", "Assignment21\Assignment21.csproj", "{7732D83F-C594-455E-AD60-D8D46CF0C5FE}"
EndProject
Global
	GlobalSection(SolutionConfigurationPlatforms) = preSolution
		Debug|Any CPU = Debug|Any CPU
		Release|Any CPU = Release|Any CPU
	EndGlobalSection
	GlobalSection(ProjectConfigurationPlatforms) = postSolution
		{7732D83F-C594-455E-AD60-D8D46CF0C5FE}.Debug|Any CPU.ActiveCfg = Debug|Any CPU
		{7732D83F-C594-455E-AD60-D8D46CF0C5FE}.Debug|Any CPU.Build.0 = Debug|Any CPU
		{7732D83F-C594-455E-AD60-D8D46CF0C5FE}.Release|Any CPU.ActiveCfg = Release|Any CPU
		{7732D83F-C594-455E-AD60-D8D46CF0C5FE}.Release|Any CPU.Build.0 = Release|Any CPU
	EndGlobalSection
	GlobalSection(SolutionProperties) = preSolution
		HideSolutionNode = FALSE
	EndGlobalSection
	GlobalSection(ExtensibilityGlobals) = postSolution
		SolutionGuid = {7459A589-124F-493C-9F65-2563203679A3}
	EndGlobalSection
EndGlobal
