
Microsoft Visual Studio Solution File, Format Version 12.00
# Visual Studio Version 17
VisualStudioVersion = 17.8.34330.188
MinimumVisualStudioVersion = 10.0.40219.1
Project("{FAE04EC0-301F-11D3-BF4B-00C04F79EFBC}") = "Assignment14", "Assignment14\Assignment14.csproj", "{A9F5C4B7-5338-403E-BD23-CBFB8F847F08}"
EndProject
Global
	GlobalSection(SolutionConfigurationPlatforms) = preSolution
		Debug|Any CPU = Debug|Any CPU
		Release|Any CPU = Release|Any CPU
	EndGlobalSection
	GlobalSection(ProjectConfigurationPlatforms) = postSolution
		{A9F5C4B7-5338-403E-BD23-CBFB8F847F08}.Debug|Any CPU.ActiveCfg = Debug|Any CPU
		{A9F5C4B7-5338-403E-BD23-CBFB8F847F08}.Debug|Any CPU.Build.0 = Debug|Any CPU
		{A9F5C4B7-5338-403E-BD23-CBFB8F847F08}.Release|Any CPU.ActiveCfg = Release|Any CPU
		{A9F5C4B7-5338-403E-BD23-CBFB8F847F08}.Release|Any CPU.Build.0 = Release|Any CPU
	EndGlobalSection
	GlobalSection(SolutionProperties) = preSolution
		HideSolutionNode = FALSE
	EndGlobalSection
	GlobalSection(ExtensibilityGlobals) = postSolution
		SolutionGuid = {E2FAF2F8-528E-4E88-BCC1-EDB120A226C1}
	EndGlobalSection
EndGlobal
