
Microsoft Visual Studio Solution File, Format Version 12.00
# Visual Studio Version 17
VisualStudioVersion = 17.8.34330.188
MinimumVisualStudioVersion = 10.0.40219.1
Project("{FAE04EC0-301F-11D3-BF4B-00C04F79EFBC}") = "Assignment15", "Assignment15\Assignment15.csproj", "{608B45F3-1043-4C92-B125-DECB8208F0CB}"
EndProject
Global
	GlobalSection(SolutionConfigurationPlatforms) = preSolution
		Debug|Any CPU = Debug|Any CPU
		Release|Any CPU = Release|Any CPU
	EndGlobalSection
	GlobalSection(ProjectConfigurationPlatforms) = postSolution
		{608B45F3-1043-4C92-B125-DECB8208F0CB}.Debug|Any CPU.ActiveCfg = Debug|Any CPU
		{608B45F3-1043-4C92-B125-DECB8208F0CB}.Debug|Any CPU.Build.0 = Debug|Any CPU
		{608B45F3-1043-4C92-B125-DECB8208F0CB}.Release|Any CPU.ActiveCfg = Release|Any CPU
		{608B45F3-1043-4C92-B125-DECB8208F0CB}.Release|Any CPU.Build.0 = Release|Any CPU
	EndGlobalSection
	GlobalSection(SolutionProperties) = preSolution
		HideSolutionNode = FALSE
	EndGlobalSection
	GlobalSection(ExtensibilityGlobals) = postSolution
		SolutionGuid = {6D9EAC7F-9981-4D28-A05D-8C7F06E0DDE3}
	EndGlobalSection
EndGlobal
